awake/README.md:b8f0ba6dde08dd59
awake/SKILL.md:b68122d51db4e1af
awake/agents/awake-architecture-auditor.md:685eddd921e59f48
awake/agents/awake-art-vfx-director.md:1702d2a9e6b12e3b
awake/agents/awake-audio-designer.md:dfa5a1aa1a539311
awake/agents/awake-camera-director.md:d49a2dcf4e541370
awake/agents/awake-engine-core-engineer.md:228b845f6363723e
awake/agents/awake-game-designer.md:cb2dee6be163f5e3
awake/agents/awake-game-producer.md:671d3499418752ce
awake/agents/awake-game-runtime-engineer.md:a490ee69cb2f119d
awake/agents/awake-narrative-director.md:d96dc8863d89d798
awake/agents/awake-platform-release-engineer.md:c62fd0630cefbed4
awake/agents/awake-render-backend-engineer.md:cfebb7fe8905a952
awake/agents/awake-ui-engineer.md:3c29422c19e049ac
awake/commands/compare-ui-component-crops.md:635804cf303f23a2
awake/commands/review-ui-snapshots.md:cdebdf8c3e155589
awake/commands/verify-ui-parity.md:fe7d753cb24bbb0b
awake/templates/awake-domain-engineer.template.md:4106e130f4123a81
awake-app-composition/SKILL.md:f78b625a1cab7981
awake-compose-authoring/SKILL.md:7520e66fa19774fb
awake-compose-authoring/references/structural-spacing.md:187fc6ce57fc3d53
awake-copyright-provenance/SKILL.md:5dcc1560f64a271f
awake-core-math/SKILL.md:138cc417b99f2d9a
awake-ecs-authoring/SKILL.md:e35e25108cf85986
awake-ecs-scene-runtime/SKILL.md:107fc71233e35c20
awake-fbx-asset-cooking/SKILL.md:99bcc23091f72ea6
awake-framework-boundary/SKILL.md:8a913169c540f974
awake-physics-jolt/SKILL.md:827eefdc78d459a4
awake-render-pipeline/SKILL.md:85e34711d555b977
awake-render-vulkan/SKILL.md:e903e91330cb9106
awake-render-webgpu/SKILL.md:168f76b5a7f76247
awake-shadcn-parity-workflow/SKILL.md:64ff53cfcde6841d
awake-shadcn-recipe-authoring/SKILL.md:8338957ff5cbf235
awake-shadcn-recipe-consuming/SKILL.md:ffd5af32994a3cae
awake-shadcn-to-compose/SKILL.md:35055a4d0ec1ffce
awake-state-management/SKILL.md:09c9338a8d86eccd
awake-tailwind-to-compose/SKILL.md:317616db3d94f96e
awake-terrain-authoring/SKILL.md:f09454e05261584e
awake-ui-authoring/SKILL.md:9c832eeb5316b651
awake-ui-authoring/references/api-shape.md:a86ca707c3f3d56e
awake-ui-authoring/references/compose-parity.md:314e30ccc96149b1
awake-ui-authoring/references/identity-and-catalog.md:3349524625ac0bfa
awake-ui-authoring/references/layer-ownership.md:1e2e4847a84fd4b5
awake-ui-authoring/references/shadcn-translation.md:ed6d216626777c57
awake-ui-css-modifier/SKILL.md:40057e617761d3a7
awake-ui-design-audit/SKILL.md:3696ced11a5bc3d3
awake-ui-design-audit/assets/ui-design-audit-report.md:4192087d1f2b5f58
awake-ui-design-audit/references/audit-rubric.md:33f256ace11c5b16
awake-ui-design-audit/references/component-extraction.md:75bb6c765435a855
awake-ui-icons/SKILL.md:ac4a434b0acdbb0e
awake-ui-icons/scripts/svg_to_ui_image_vector.py:de76b2554919f1db
awake-ui-layout-guidance/SKILL.md:b56bc3a0d4c3c179
awake-ui-performance/SKILL.md:3a24c88dd12639cd
awake-ui-verification/SKILL.md:ed8ac8f4dee593c3
awake-ui-verification/scripts/__pycache__/compare_component_crops.cpython-312.pyc:dbb35c9e242aad4b
awake-ui-verification/scripts/__pycache__/generate_ui_parity_report.cpython-312.pyc:6af1200caf982d76
awake-ui-verification/scripts/__pycache__/test_compare_component_crops.cpython-312-pytest-9.1.0.pyc:3628ac8433c50524
awake-ui-verification/scripts/compare_component_crops.py:18e2d42568cabbba
awake-ui-verification/scripts/generate_ui_parity_report.py:94b4ce6060f95028
awake-ui-verification/scripts/generate_ui_status.py:d02337c7089c9d16
awake-ui-verification/scripts/test_compare_component_crops.py:431d8e664fb6cf36
awake-ui-verification/scripts/ui_component_parity_cases.example.json:007c6c208c15640b
awake-ui-verification/scripts/ui_preview_server.py:f33287e4eb9cf759
awake-ui-verification/scripts/ui_preview_watch.sh:bc1a09e78f4904b1
awake-web-to-compose/SKILL.md:6c9eb471f0369cfa
awake-web-to-compose/assets/layout-archetypes.md:5e26191259b0092f
awake-web-to-compose/assets/web-port-brief.md:02b98ae1a9b46e91
awake-web-to-compose/references/adaptive-layout.md:626d6c7e28562fe5
awake-web-to-compose/references/compose-primitives.md:a17433767415751d
awake-web-to-compose/references/reference-intake.md:671336a12877d6c1
awake-web-to-compose/references/visual-composition.md:5e7e8d9d6c70e73a
