# THIS IS AN AUTOGENERATED FILE. DO NOT EDIT THIS FILE DIRECTLY.
# yarn lockfile v1


jolt-physics@1.1.0:
  version "1.1.0"
  resolved "https://registry.yarnpkg.com/jolt-physics/-/jolt-physics-1.1.0.tgz#467f682d5cee6db895148b2740918fe1172405a1"
  integrity sha512-Erl+X0yK2f9/8Wrl55Nb2y9FYS5xDx375EabnHq+TbSDYEuPZBLvpaLV4nbc1M5gyA5Llbug81wSj1zSMRUr7Q==
